// !$*UTF8*$!
{
	archiveVersion = 1;
	classes = {
	};
	objectVersion = 50;
	objects = {

/* Begin PBXBuildFile section */
		BCD2E14321015DEB007746AE /* AppDelegate.swift in Sources */ = {isa = PBXBuildFile; fileRef = BCD2E14221015DEB007746AE /* AppDelegate.swift */; };
		BCD2E14821015DEB007746AE /* Main.storyboard in Resources */ = {isa = PBXBuildFile; fileRef = BCD2E14621015DEB007746AE /* Main.storyboard */; };
		BCD2E14A21015DED007746AE /* Assets.xcassets in Resources */ = {isa = PBXBuildFile; fileRef = BCD2E14921015DED007746AE /* Assets.xcassets */; };
		BCD2E14D21015DED007746AE /* LaunchScreen.storyboard in Resources */ = {isa = PBXBuildFile; fileRef = BCD2E14B21015DED007746AE /* LaunchScreen.storyboard */; };
		BCD2E15C2101634F007746AE /* LoginViewController.swift in Sources */ = {isa = PBXBuildFile; fileRef = BCD2E15B2101634F007746AE /* LoginViewController.swift */; };
		BCD9EFD02104D472007321A9 /* UdacityConvenience.swift in Sources */ = {isa = PBXBuildFile; fileRef = BCD9EFCF2104D472007321A9 /* UdacityConvenience.swift */; };
		BCD9EFD22105310A007321A9 /* UdacityStudent.swift in Sources */ = {isa = PBXBuildFile; fileRef = BCD9EFD12105310A007321A9 /* UdacityStudent.swift */; };
		BCF447D321038B9A0004B540 /* UdacityClient.swift in Sources */ = {isa = PBXBuildFile; fileRef = BCF447D221038B9A0004B540 /* UdacityClient.swift */; };
		BCF447D521038BBF0004B540 /* UdacityConstants.swift in Sources */ = {isa = PBXBuildFile; fileRef = BCF447D421038BBF0004B540 /* UdacityConstants.swift */; };
		BCF447D92103F0060004B540 /* BorderedButton.swift in Sources */ = {isa = PBXBuildFile; fileRef = BCF447D82103F0060004B540 /* BorderedButton.swift */; };
/* End PBXBuildFile section */

/* Begin PBXFileReference section */
		BCD2E13F21015DEB007746AE /* On the Map.app */ = {isa = PBXFileReference; explicitFileType = wrapper.application; includeInIndex = 0; path = "On the Map.app"; sourceTree = BUILT_PRODUCTS_DIR; };
		BCD2E14221015DEB007746AE /* AppDelegate.swift */ = {isa = PBXFileReference; lastKnownFileType = sourcecode.swift; path = AppDelegate.swift; sourceTree = "<group>"; };
		BCD2E14721015DEB007746AE /* Base */ = {isa = PBXFileReference; lastKnownFileType = file.storyboard; name = Base; path = Base.lproj/Main.storyboard; sourceTree = "<group>"; };
		BCD2E14921015DED007746AE /* Assets.xcassets */ = {isa = PBXFileReference; lastKnownFileType = folder.assetcatalog; path = Assets.xcassets; sourceTree = "<group>"; };
		BCD2E14C21015DED007746AE /* Base */ = {isa = PBXFileReference; lastKnownFileType = file.storyboard; name = Base; path = Base.lproj/LaunchScreen.storyboard; sourceTree = "<group>"; };
		BCD2E14E21015DED007746AE /* Info.plist */ = {isa = PBXFileReference; lastKnownFileType = text.plist.xml; path = Info.plist; sourceTree = "<group>"; };
		BCD2E15B2101634F007746AE /* LoginViewController.swift */ = {isa = PBXFileReference; lastKnownFileType = sourcecode.swift; path = LoginViewController.swift; sourceTree = "<group>"; };
		BCD9EFCF2104D472007321A9 /* UdacityConvenience.swift */ = {isa = PBXFileReference; lastKnownFileType = sourcecode.swift; path = UdacityConvenience.swift; sourceTree = "<group>"; };
		BCD9EFD12105310A007321A9 /* UdacityStudent.swift */ = {isa = PBXFileReference; lastKnownFileType = sourcecode.swift; path = UdacityStudent.swift; sourceTree = "<group>"; };
		BCF447D221038B9A0004B540 /* UdacityClient.swift */ = {isa = PBXFileReference; lastKnownFileType = sourcecode.swift; path = UdacityClient.swift; sourceTree = "<group>"; };
		BCF447D421038BBF0004B540 /* UdacityConstants.swift */ = {isa = PBXFileReference; lastKnownFileType = sourcecode.swift; path = UdacityConstants.swift; sourceTree = "<group>"; };
		BCF447D82103F0060004B540 /* BorderedButton.swift */ = {isa = PBXFileReference; lastKnownFileType = sourcecode.swift; path = BorderedButton.swift; sourceTree = "<group>"; };
/* End PBXFileReference section */

/* Begin PBXFrameworksBuildPhase section */
		BCD2E13C21015DEB007746AE /* Frameworks */ = {
			isa = PBXFrameworksBuildPhase;
			buildActionMask = 2147483647;
			files = (
			);
			runOnlyForDeploymentPostprocessing = 0;
		};
/* End PBXFrameworksBuildPhase section */

/* Begin PBXGroup section */
		BCD2E13621015DEB007746AE = {
			isa = PBXGroup;
			children = (
				BCD2E14121015DEB007746AE /* On the Map */,
				BCD2E14021015DEB007746AE /* Products */,
			);
			sourceTree = "<group>";
		};
		BCD2E14021015DEB007746AE /* Products */ = {
			isa = PBXGroup;
			children = (
				BCD2E13F21015DEB007746AE /* On the Map.app */,
			);
			name = Products;
			sourceTree = "<group>";
		};
		BCD2E14121015DEB007746AE /* On the Map */ = {
			isa = PBXGroup;
			children = (
				BCD2E14221015DEB007746AE /* AppDelegate.swift */,
				BCD2E15A2101630E007746AE /* Model */,
				BCD2E15921016303007746AE /* View */,
				BCD2E157210162E4007746AE /* Controller */,
				BCD2E15421015E2B007746AE /* Supporting Files */,
			);
			path = "On the Map";
			sourceTree = "<group>";
		};
		BCD2E15421015E2B007746AE /* Supporting Files */ = {
			isa = PBXGroup;
			children = (
				BCD2E14621015DEB007746AE /* Main.storyboard */,
				BCD2E14921015DED007746AE /* Assets.xcassets */,
				BCD2E14B21015DED007746AE /* LaunchScreen.storyboard */,
				BCD2E14E21015DED007746AE /* Info.plist */,
			);
			path = "Supporting Files";
			sourceTree = "<group>";
		};
		BCD2E157210162E4007746AE /* Controller */ = {
			isa = PBXGroup;
			children = (
				BCD2E15B2101634F007746AE /* LoginViewController.swift */,
			);
			path = Controller;
			sourceTree = "<group>";
		};
		BCD2E15921016303007746AE /* View */ = {
			isa = PBXGroup;
			children = (
				BCF447D82103F0060004B540 /* BorderedButton.swift */,
			);
			path = View;
			sourceTree = "<group>";
		};
		BCD2E15A2101630E007746AE /* Model */ = {
			isa = PBXGroup;
			children = (
				BCF447D021038B520004B540 /* Clients */,
			);
			path = Model;
			sourceTree = "<group>";
		};
		BCF447D021038B520004B540 /* Clients */ = {
			isa = PBXGroup;
			children = (
				BCF447D121038B5F0004B540 /* Udacity */,
			);
			path = Clients;
			sourceTree = "<group>";
		};
		BCF447D121038B5F0004B540 /* Udacity */ = {
			isa = PBXGroup;
			children = (
				BCF447D221038B9A0004B540 /* UdacityClient.swift */,
				BCF447D421038BBF0004B540 /* UdacityConstants.swift */,
				BCD9EFCF2104D472007321A9 /* UdacityConvenience.swift */,
				BCD9EFD12105310A007321A9 /* UdacityStudent.swift */,
			);
			path = Udacity;
			sourceTree = "<group>";
		};
/* End PBXGroup section */

/* Begin PBXNativeTarget section */
		BCD2E13E21015DEB007746AE /* On the Map */ = {
			isa = PBXNativeTarget;
			buildConfigurationList = BCD2E15121015DED007746AE /* Build configuration list for PBXNativeTarget "On the Map" */;
			buildPhases = (
				BCD2E13B21015DEB007746AE /* Sources */,
				BCD2E13C21015DEB007746AE /* Frameworks */,
				BCD2E13D21015DEB007746AE /* Resources */,
			);
			buildRules = (
			);
			dependencies = (
			);
			name = "On the Map";
			productName = "On the Map";
			productReference = BCD2E13F21015DEB007746AE /* On the Map.app */;
			productType = "com.apple.product-type.application";
		};
/* End PBXNativeTarget section */

/* Begin PBXProject section */
		BCD2E13721015DEB007746AE /* Project object */ = {
			isa = PBXProject;
			attributes = {
				LastSwiftUpdateCheck = 0940;
				LastUpgradeCheck = 0940;
				ORGANIZATIONNAME = "David Rodrigues";
				TargetAttributes = {
					BCD2E13E21015DEB007746AE = {
						CreatedOnToolsVersion = 9.4.1;
					};
				};
			};
			buildConfigurationList = BCD2E13A21015DEB007746AE /* Build configuration list for PBXProject "On the Map" */;
			compatibilityVersion = "Xcode 9.3";
			developmentRegion = en;
			hasScannedForEncodings = 0;
			knownRegions = (
				en,
				Base,
			);
			mainGroup = BCD2E13621015DEB007746AE;
			productRefGroup = BCD2E14021015DEB007746AE /* Products */;
			projectDirPath = "";
			projectRoot = "";
			targets = (
				BCD2E13E21015DEB007746AE /* On the Map */,
			);
		};
/* End PBXProject section */

/* Begin PBXResourcesBuildPhase section */
		BCD2E13D21015DEB007746AE /* Resources */ = {
			isa = PBXResourcesBuildPhase;
			buildActionMask = 2147483647;
			files = (
				BCD2E14D21015DED007746AE /* LaunchScreen.storyboard in Resources */,
				BCD2E14A21015DED007746AE /* Assets.xcassets in Resources */,
				BCD2E14821015DEB007746AE /* Main.storyboard in Resources */,
			);
			runOnlyForDeploymentPostprocessing = 0;
		};
/* End PBXResourcesBuildPhase section */

/* Begin PBXSourcesBuildPhase section */
		BCD2E13B21015DEB007746AE /* Sources */ = {
			isa = PBXSourcesBuildPhase;
			buildActionMask = 2147483647;
			files = (
				BCF447D92103F0060004B540 /* BorderedButton.swift in Sources */,
				BCD9EFD22105310A007321A9 /* UdacityStudent.swift in Sources */,
				BCD2E15C2101634F007746AE /* LoginViewController.swift in Sources */,
				BCF447D521038BBF0004B540 /* UdacityConstants.swift in Sources */,
				BCD2E14321015DEB007746AE /* AppDelegate.swift in Sources */,
				BCF447D321038B9A0004B540 /* UdacityClient.swift in Sources */,
				BCD9EFD02104D472007321A9 /* UdacityConvenience.swift in Sources */,
			);
			runOnlyForDeploymentPostprocessing = 0;
		};
/* End PBXSourcesBuildPhase section */

/* Begin PBXVariantGroup section */
		BCD2E14621015DEB007746AE /* Main.storyboard */ = {
			isa = PBXVariantGroup;
			children = (
				BCD2E14721015DEB007746AE /* Base */,
			);
			name = Main.storyboard;
			sourceTree = "<group>";
		};
		BCD2E14B21015DED007746AE /* LaunchScreen.storyboard */ = {
			isa = PBXVariantGroup;
			children = (
				BCD2E14C21015DED007746AE /* Base */,
			);
			name = LaunchScreen.storyboard;
			sourceTree = "<group>";
		};
/* End PBXVariantGroup section */

/* Begin XCBuildConfiguration section */
		BCD2E14F21015DED007746AE /* Debug */ = {
			isa = XCBuildConfiguration;
			buildSettings = {
				ALWAYS_SEARCH_USER_PATHS = NO;
				CLANG_ANALYZER_NONNULL = YES;
				CLANG_ANALYZER_NUMBER_OBJECT_CONVERSION = YES_AGGRESSIVE;
				CLANG_CXX_LANGUAGE_STANDARD = "gnu++14";
				CLANG_CXX_LIBRARY = "libc++";
				CLANG_ENABLE_MODULES = YES;
				CLANG_ENABLE_OBJC_ARC = YES;
				CLANG_ENABLE_OBJC_WEAK = YES;
				CLANG_WARN_BLOCK_CAPTURE_AUTORELEASING = YES;
				CLANG_WARN_BOOL_CONVERSION = YES;
				CLANG_WARN_COMMA = YES;
				CLANG_WARN_CONSTANT_CONVERSION = YES;
				CLANG_WARN_DEPRECATED_OBJC_IMPLEMENTATIONS = YES;
				CLANG_WARN_DIRECT_OBJC_ISA_USAGE = YES_ERROR;
				CLANG_WARN_DOCUMENTATION_COMMENTS = YES;
				CLANG_WARN_EMPTY_BODY = YES;
				CLANG_WARN_ENUM_CONVERSION = YES;
				CLANG_WARN_INFINITE_RECURSION = YES;
				CLANG_WARN_INT_CONVERSION = YES;
				CLANG_WARN_NON_LITERAL_NULL_CONVERSION = YES;
				CLANG_WARN_OBJC_IMPLICIT_RETAIN_SELF = YES;
				CLANG_WARN_OBJC_LITERAL_CONVERSION = YES;
				CLANG_WARN_OBJC_ROOT_CLASS = YES_ERROR;
				CLANG_WARN_RANGE_LOOP_ANALYSIS = YES;
				CLANG_WARN_STRICT_PROTOTYPES = YES;
				CLANG_WARN_SUSPICIOUS_MOVE = YES;
				CLANG_WARN_UNGUARDED_AVAILABILITY = YES_AGGRESSIVE;
				CLANG_WARN_UNREACHABLE_CODE = YES;
				CLANG_WARN__DUPLICATE_METHOD_MATCH = YES;
				CODE_SIGN_IDENTITY = "iPhone Developer";
				COPY_PHASE_STRIP = NO;
				DEBUG_INFORMATION_FORMAT = dwarf;
				ENABLE_STRICT_OBJC_MSGSEND = YES;
				ENABLE_TESTABILITY = YES;
				GCC_C_LANGUAGE_STANDARD = gnu11;
				GCC_DYNAMIC_NO_PIC = NO;
				GCC_NO_COMMON_BLOCKS = YES;
				GCC_OPTIMIZATION_LEVEL = 0;
				GCC_PREPROCESSOR_DEFINITIONS = (
					"DEBUG=1",
					"$(inherited)",
				);
				GCC_WARN_64_TO_32_BIT_CONVERSION = YES;
				GCC_WARN_ABOUT_RETURN_TYPE = YES_ERROR;
				GCC_WARN_UNDECLARED_SELECTOR = YES;
				GCC_WARN_UNINITIALIZED_AUTOS = YES_AGGRESSIVE;
				GCC_WARN_UNUSED_FUNCTION = YES;
				GCC_WARN_UNUSED_VARIABLE = YES;
				IPHONEOS_DEPLOYMENT_TARGET = 11.4;
				MTL_ENABLE_DEBUG_INFO = YES;
				ONLY_ACTIVE_ARCH = YES;
				SDKROOT = iphoneos;
				SWIFT_ACTIVE_COMPILATION_CONDITIONS = DEBUG;
				SWIFT_OPTIMIZATION_LEVEL = "-Onone";
			};
			name = Debug;
		};
		BCD2E15021015DED007746AE /* Release */ = {
			isa = XCBuildConfiguration;
			buildSettings = {
				ALWAYS_SEARCH_USER_PATHS = NO;
				CLANG_ANALYZER_NONNULL = YES;
				CLANG_ANALYZER_NUMBER_OBJECT_CONVERSION = YES_AGGRESSIVE;
				CLANG_CXX_LANGUAGE_STANDARD = "gnu++14";
				CLANG_CXX_LIBRARY = "libc++";
				CLANG_ENABLE_MODULES = YES;
				CLANG_ENABLE_OBJC_ARC = YES;
				CLANG_ENABLE_OBJC_WEAK = YES;
				CLANG_WARN_BLOCK_CAPTURE_AUTORELEASING = YES;
				CLANG_WARN_BOOL_CONVERSION = YES;
				CLANG_WARN_COMMA = YES;
				CLANG_WARN_CONSTANT_CONVERSION = YES;
				CLANG_WARN_DEPRECATED_OBJC_IMPLEMENTATIONS = YES;
				CLANG_WARN_DIRECT_OBJC_ISA_USAGE = YES_ERROR;
				CLANG_WARN_DOCUMENTATION_COMMENTS = YES;
				CLANG_WARN_EMPTY_BODY = YES;
				CLANG_WARN_ENUM_CONVERSION = YES;
				CLANG_WARN_INFINITE_RECURSION = YES;
				CLANG_WARN_INT_CONVERSION = YES;
				CLANG_WARN_NON_LITERAL_NULL_CONVERSION = YES;
				CLANG_WARN_OBJC_IMPLICIT_RETAIN_SELF = YES;
				CLANG_WARN_OBJC_LITERAL_CONVERSION = YES;
				CLANG_WARN_OBJC_ROOT_CLASS = YES_ERROR;
				CLANG_WARN_RANGE_LOOP_ANALYSIS = YES;
				CLANG_WARN_STRICT_PROTOTYPES = YES;
				CLANG_WARN_SUSPICIOUS_MOVE = YES;
				CLANG_WARN_UNGUARDED_AVAILABILITY = YES_AGGRESSIVE;
				CLANG_WARN_UNREACHABLE_CODE = YES;
				CLANG_WARN__DUPLICATE_METHOD_MATCH = YES;
				CODE_SIGN_IDENTITY = "iPhone Developer";
				COPY_PHASE_STRIP = NO;
				DEBUG_INFORMATION_FORMAT = "dwarf-with-dsym";
				ENABLE_NS_ASSERTIONS = NO;
				ENABLE_STRICT_OBJC_MSGSEND = YES;
				GCC_C_LANGUAGE_STANDARD = gnu11;
				GCC_NO_COMMON_BLOCKS = YES;
				GCC_WARN_64_TO_32_BIT_CONVERSION = YES;
				GCC_WARN_ABOUT_RETURN_TYPE = YES_ERROR;
				GCC_WARN_UNDECLARED_SELECTOR = YES;
				GCC_WARN_UNINITIALIZED_AUTOS = YES_AGGRESSIVE;
				GCC_WARN_UNUSED_FUNCTION = YES;
				GCC_WARN_UNUSED_VARIABLE = YES;
				IPHONEOS_DEPLOYMENT_TARGET = 11.4;
				MTL_ENABLE_DEBUG_INFO = NO;
				SDKROOT = iphoneos;
				SWIFT_COMPILATION_MODE = wholemodule;
				SWIFT_OPTIMIZATION_LEVEL = "-O";
				VALIDATE_PRODUCT = YES;
			};
			name = Release;
		};
		BCD2E15221015DED007746AE /* Debug */ = {
			isa = XCBuildConfiguration;
			buildSettings = {
				ASSETCATALOG_COMPILER_APPICON_NAME = AppIcon;
				CODE_SIGN_STYLE = Automatic;
				DEVELOPMENT_TEAM = L767FN4JUX;
				INFOPLIST_FILE = "$(SRCROOT)/On the Map/Supporting Files/Info.plist";
				LD_RUNPATH_SEARCH_PATHS = (
					"$(inherited)",
					"@executable_path/Frameworks",
				);
				PRODUCT_BUNDLE_IDENTIFIER = "com.davidrodrigues.On-the-Map";
				PRODUCT_NAME = "$(TARGET_NAME)";
				SWIFT_VERSION = 4.0;
				TARGETED_DEVICE_FAMILY = "1,2";
			};
			name = Debug;
		};
		BCD2E15321015DED007746AE /* Release */ = {
			isa = XCBuildConfiguration;
			buildSettings = {
				ASSETCATALOG_COMPILER_APPICON_NAME = AppIcon;
				CODE_SIGN_STYLE = Automatic;
				DEVELOPMENT_TEAM = L767FN4JUX;
				INFOPLIST_FILE = "$(SRCROOT)/On the Map/Supporting Files/Info.plist";
				LD_RUNPATH_SEARCH_PATHS = (
					"$(inherited)",
					"@executable_path/Frameworks",
				);
				PRODUCT_BUNDLE_IDENTIFIER = "com.davidrodrigues.On-the-Map";
				PRODUCT_NAME = "$(TARGET_NAME)";
				SWIFT_VERSION = 4.0;
				TARGETED_DEVICE_FAMILY = "1,2";
			};
			name = Release;
		};
/* End XCBuildConfiguration section */

/* Begin XCConfigurationList section */
		BCD2E13A21015DEB007746AE /* Build configuration list for PBXProject "On the Map" */ = {
			isa = XCConfigurationList;
			buildConfigurations = (
				BCD2E14F21015DED007746AE /* Debug */,
				BCD2E15021015DED007746AE /* Release */,
			);
			defaultConfigurationIsVisible = 0;
			defaultConfigurationName = Release;
		};
		BCD2E15121015DED007746AE /* Build configuration list for PBXNativeTarget "On the Map" */ = {
			isa = XCConfigurationList;
			buildConfigurations = (
				BCD2E15221015DED007746AE /* Debug */,
				BCD2E15321015DED007746AE /* Release */,
			);
			defaultConfigurationIsVisible = 0;
			defaultConfigurationName = Release;
		};
/* End XCConfigurationList section */
	};
	rootObject = BCD2E13721015DEB007746AE /* Project object */;
}
